// !$*UTF8*$!
{
	archiveVersion = 1;
	classes = {
	};
	objectVersion = 46;
	objects = {

/* Begin PBXBuildFile section */
		227ED2C91A4D0F790093C5D8 /* main.m in Sources */ = {isa = PBXBuildFile; fileRef = 227ED2C81A4D0F790093C5D8 /* main.m */; };
		227ED2CC1A4D0F790093C5D8 /* AppDelegate.m in Sources */ = {isa = PBXBuildFile; fileRef = 227ED2CB1A4D0F790093C5D8 /* AppDelegate.m */; };
		227ED2D41A4D0F790093C5D8 /* Images.xcassets in Resources */ = {isa = PBXBuildFile; fileRef = 227ED2D31A4D0F790093C5D8 /* Images.xcassets */; };
		227ED2D71A4D0F790093C5D8 /* LaunchScreen.xib in Resources */ = {isa = PBXBuildFile; fileRef = 227ED2D51A4D0F790093C5D8 /* LaunchScreen.xib */; };
		227ED2E31A4D0F790093C5D8 /* testWeibo2Tests.m in Sources */ = {isa = PBXBuildFile; fileRef = 227ED2E21A4D0F790093C5D8 /* testWeibo2Tests.m */; };
		227ED3081A4D11FE0093C5D8 /* HomeViewController.m in Sources */ = {isa = PBXBuildFile; fileRef = 227ED2FD1A4D11FE0093C5D8 /* HomeViewController.m */; };
		227ED3091A4D11FE0093C5D8 /* HomeViewController.xib in Resources */ = {isa = PBXBuildFile; fileRef = 227ED2FE1A4D11FE0093C5D8 /* HomeViewController.xib */; };
/* End PBXBuildFile section */

/* Begin PBXContainerItemProxy section */
		227ED2DD1A4D0F790093C5D8 /* PBXContainerItemProxy */ = {
			isa = PBXContainerItemProxy;
			containerPortal = 227ED2BB1A4D0F790093C5D8 /* Project object */;
			proxyType = 1;
			remoteGlobalIDString = 227ED2C21A4D0F790093C5D8;
			remoteInfo = testWeibo2;
		};
/* End PBXContainerItemProxy section */

/* Begin PBXFileReference section */
		227ED2C31A4D0F790093C5D8 /* testWeibo2.app */ = {isa = PBXFileReference; explicitFileType = wrapper.application; includeInIndex = 0; path = testWeibo2.app; sourceTree = BUILT_PRODUCTS_DIR; };
		227ED2C71A4D0F790093C5D8 /* Info.plist */ = {isa = PBXFileReference; lastKnownFileType = text.plist.xml; path = Info.plist; sourceTree = "<group>"; };
		227ED2C81A4D0F790093C5D8 /* main.m */ = {isa = PBXFileReference; lastKnownFileType = sourcecode.c.objc; path = main.m; sourceTree = "<group>"; };
		227ED2CA1A4D0F790093C5D8 /* AppDelegate.h */ = {isa = PBXFileReference; lastKnownFileType = sourcecode.c.h; path = AppDelegate.h; sourceTree = "<group>"; };
		227ED2CB1A4D0F790093C5D8 /* AppDelegate.m */ = {isa = PBXFileReference; lastKnownFileType = sourcecode.c.objc; path = AppDelegate.m; sourceTree = "<group>"; };
		227ED2D31A4D0F790093C5D8 /* Images.xcassets */ = {isa = PBXFileReference; lastKnownFileType = folder.assetcatalog; path = Images.xcassets; sourceTree = "<group>"; };
		227ED2D61A4D0F790093C5D8 /* Base */ = {isa = PBXFileReference; lastKnownFileType = file.xib; name = Base; path = Base.lproj/LaunchScreen.xib; sourceTree = "<group>"; };
		227ED2DC1A4D0F790093C5D8 /* testWeibo2Tests.xctest */ = {isa = PBXFileReference; explicitFileType = wrapper.cfbundle; includeInIndex = 0; path = testWeibo2Tests.xctest; sourceTree = BUILT_PRODUCTS_DIR; };
		227ED2E11A4D0F790093C5D8 /* Info.plist */ = {isa = PBXFileReference; lastKnownFileType = text.plist.xml; path = Info.plist; sourceTree = "<group>"; };
		227ED2E21A4D0F790093C5D8 /* testWeibo2Tests.m */ = {isa = PBXFileReference; lastKnownFileType = sourcecode.c.objc; path = testWeibo2Tests.m; sourceTree = "<group>"; };
		227ED2FC1A4D11FE0093C5D8 /* HomeViewController.h */ = {isa = PBXFileReference; fileEncoding = 4; lastKnownFileType = sourcecode.c.h; path = HomeViewController.h; sourceTree = "<group>"; };
		227ED2FD1A4D11FE0093C5D8 /* HomeViewController.m */ = {isa = PBXFileReference; fileEncoding = 4; lastKnownFileType = sourcecode.c.objc; path = HomeViewController.m; sourceTree = "<group>"; };
		227ED2FE1A4D11FE0093C5D8 /* HomeViewController.xib */ = {isa = PBXFileReference; fileEncoding = 4; lastKnownFileType = file.xib; path = HomeViewController.xib; sourceTree = "<group>"; };
		227ED30A1A4D12620093C5D8 /* testWeibo2-Prefix.pch */ = {isa = PBXFileReference; lastKnownFileType = sourcecode.c.h; path = "testWeibo2-Prefix.pch"; sourceTree = "<group>"; };
/* End PBXFileReference section */

/* Begin PBXFrameworksBuildPhase section */
		227ED2C01A4D0F790093C5D8 /* Frameworks */ = {
			isa = PBXFrameworksBuildPhase;
			buildActionMask = 2147483647;
			files = (
			);
			runOnlyForDeploymentPostprocessing = 0;
		};
		227ED2D91A4D0F790093C5D8 /* Frameworks */ = {
			isa = PBXFrameworksBuildPhase;
			buildActionMask = 2147483647;
			files = (
			);
			runOnlyForDeploymentPostprocessing = 0;
		};
/* End PBXFrameworksBuildPhase section */

/* Begin PBXGroup section */
		227ED2BA1A4D0F790093C5D8 = {
			isa = PBXGroup;
			children = (
				227ED2C51A4D0F790093C5D8 /* testWeibo2 */,
				227ED2DF1A4D0F790093C5D8 /* testWeibo2Tests */,
				227ED2C41A4D0F790093C5D8 /* Products */,
			);
			sourceTree = "<group>";
		};
		227ED2C41A4D0F790093C5D8 /* Products */ = {
			isa = PBXGroup;
			children = (
				227ED2C31A4D0F790093C5D8 /* testWeibo2.app */,
				227ED2DC1A4D0F790093C5D8 /* testWeibo2Tests.xctest */,
			);
			name = Products;
			sourceTree = "<group>";
		};
		227ED2C51A4D0F790093C5D8 /* testWeibo2 */ = {
			isa = PBXGroup;
			children = (
				227ED2F11A4D11FE0093C5D8 /* Classes */,
				227ED2CA1A4D0F790093C5D8 /* AppDelegate.h */,
				227ED2CB1A4D0F790093C5D8 /* AppDelegate.m */,
				227ED2D31A4D0F790093C5D8 /* Images.xcassets */,
				227ED2D51A4D0F790093C5D8 /* LaunchScreen.xib */,
				227ED2C61A4D0F790093C5D8 /* Supporting Files */,
			);
			path = testWeibo2;
			sourceTree = "<group>";
		};
		227ED2C61A4D0F790093C5D8 /* Supporting Files */ = {
			isa = PBXGroup;
			children = (
				227ED2C71A4D0F790093C5D8 /* Info.plist */,
				227ED2C81A4D0F790093C5D8 /* main.m */,
				227ED30A1A4D12620093C5D8 /* testWeibo2-Prefix.pch */,
			);
			name = "Supporting Files";
			sourceTree = "<group>";
		};
		227ED2DF1A4D0F790093C5D8 /* testWeibo2Tests */ = {
			isa = PBXGroup;
			children = (
				227ED2E21A4D0F790093C5D8 /* testWeibo2Tests.m */,
				227ED2E01A4D0F790093C5D8 /* Supporting Files */,
			);
			path = testWeibo2Tests;
			sourceTree = "<group>";
		};
		227ED2E01A4D0F790093C5D8 /* Supporting Files */ = {
			isa = PBXGroup;
			children = (
				227ED2E11A4D0F790093C5D8 /* Info.plist */,
			);
			name = "Supporting Files";
			sourceTree = "<group>";
		};
		227ED2F11A4D11FE0093C5D8 /* Classes */ = {
			isa = PBXGroup;
			children = (
				227ED2F21A4D11FE0093C5D8 /* Common */,
				227ED2F31A4D11FE0093C5D8 /* Modules */,
				227ED3071A4D11FE0093C5D8 /* Vendor */,
			);
			path = Classes;
			sourceTree = "<group>";
		};
		227ED2F21A4D11FE0093C5D8 /* Common */ = {
			isa = PBXGroup;
			children = (
			);
			path = Common;
			sourceTree = "<group>";
		};
		227ED2F31A4D11FE0093C5D8 /* Modules */ = {
			isa = PBXGroup;
			children = (
				227ED2F41A4D11FE0093C5D8 /* Account */,
				227ED2F81A4D11FE0093C5D8 /* Home */,
				227ED2FF1A4D11FE0093C5D8 /* Share */,
				227ED3031A4D11FE0093C5D8 /* Show */,
			);
			path = Modules;
			sourceTree = "<group>";
		};
		227ED2F41A4D11FE0093C5D8 /* Account */ = {
			isa = PBXGroup;
			children = (
				227ED2F51A4D11FE0093C5D8 /* Application Logic */,
				227ED2F61A4D11FE0093C5D8 /* Module Interface */,
				227ED2F71A4D11FE0093C5D8 /* User Interface */,
			);
			path = Account;
			sourceTree = "<group>";
		};
		227ED2F51A4D11FE0093C5D8 /* Application Logic */ = {
			isa = PBXGroup;
			children = (
			);
			path = "Application Logic";
			sourceTree = "<group>";
		};
		227ED2F61A4D11FE0093C5D8 /* Module Interface */ = {
			isa = PBXGroup;
			children = (
			);
			path = "Module Interface";
			sourceTree = "<group>";
		};
		227ED2F71A4D11FE0093C5D8 /* User Interface */ = {
			isa = PBXGroup;
			children = (
			);
			path = "User Interface";
			sourceTree = "<group>";
		};
		227ED2F81A4D11FE0093C5D8 /* Home */ = {
			isa = PBXGroup;
			children = (
				227ED2F91A4D11FE0093C5D8 /* Application Logic */,
				227ED2FA1A4D11FE0093C5D8 /* Module Interface */,
				227ED2FB1A4D11FE0093C5D8 /* User Interface */,
			);
			path = Home;
			sourceTree = "<group>";
		};
		227ED2F91A4D11FE0093C5D8 /* Application Logic */ = {
			isa = PBXGroup;
			children = (
			);
			path = "Application Logic";
			sourceTree = "<group>";
		};
		227ED2FA1A4D11FE0093C5D8 /* Module Interface */ = {
			isa = PBXGroup;
			children = (
			);
			path = "Module Interface";
			sourceTree = "<group>";
		};
		227ED2FB1A4D11FE0093C5D8 /* User Interface */ = {
			isa = PBXGroup;
			children = (
				227ED2FC1A4D11FE0093C5D8 /* HomeViewController.h */,
				227ED2FD1A4D11FE0093C5D8 /* HomeViewController.m */,
				227ED2FE1A4D11FE0093C5D8 /* HomeViewController.xib */,
			);
			path = "User Interface";
			sourceTree = "<group>";
		};
		227ED2FF1A4D11FE0093C5D8 /* Share */ = {
			isa = PBXGroup;
			children = (
				227ED3001A4D11FE0093C5D8 /* Application Logic */,
				227ED3011A4D11FE0093C5D8 /* Module Interface */,
				227ED3021A4D11FE0093C5D8 /* User Interface */,
			);
			path = Share;
			sourceTree = "<group>";
		};
		227ED3001A4D11FE0093C5D8 /* Application Logic */ = {
			isa = PBXGroup;
			children = (
			);
			path = "Application Logic";
			sourceTree = "<group>";
		};
		227ED3011A4D11FE0093C5D8 /* Module Interface */ = {
			isa = PBXGroup;
			children = (
			);
			path = "Module Interface";
			sourceTree = "<group>";
		};
		227ED3021A4D11FE0093C5D8 /* User Interface */ = {
			isa = PBXGroup;
			children = (
			);
			path = "User Interface";
			sourceTree = "<group>";
		};
		227ED3031A4D11FE0093C5D8 /* Show */ = {
			isa = PBXGroup;
			children = (
				227ED3041A4D11FE0093C5D8 /* Application Logic */,
				227ED3051A4D11FE0093C5D8 /* Module Interface */,
				227ED3061A4D11FE0093C5D8 /* User Interface */,
			);
			path = Show;
			sourceTree = "<group>";
		};
		227ED3041A4D11FE0093C5D8 /* Application Logic */ = {
			isa = PBXGroup;
			children = (
			);
			path = "Application Logic";
			sourceTree = "<group>";
		};
		227ED3051A4D11FE0093C5D8 /* Module Interface */ = {
			isa = PBXGroup;
			children = (
			);
			path = "Module Interface";
			sourceTree = "<group>";
		};
		227ED3061A4D11FE0093C5D8 /* User Interface */ = {
			isa = PBXGroup;
			children = (
			);
			path = "User Interface";
			sourceTree = "<group>";
		};
		227ED3071A4D11FE0093C5D8 /* Vendor */ = {
			isa = PBXGroup;
			children = (
			);
			path = Vendor;
			sourceTree = "<group>";
		};
/* End PBXGroup section */

/* Begin PBXNativeTarget section */
		227ED2C21A4D0F790093C5D8 /* testWeibo2 */ = {
			isa = PBXNativeTarget;
			buildConfigurationList = 227ED2E61A4D0F790093C5D8 /* Build configuration list for PBXNativeTarget "testWeibo2" */;
			buildPhases = (
				227ED2BF1A4D0F790093C5D8 /* Sources */,
				227ED2C01A4D0F790093C5D8 /* Frameworks */,
				227ED2C11A4D0F790093C5D8 /* Resources */,
			);
			buildRules = (
			);
			dependencies = (
			);
			name = testWeibo2;
			productName = testWeibo2;
			productReference = 227ED2C31A4D0F790093C5D8 /* testWeibo2.app */;
			productType = "com.apple.product-type.application";
		};
		227ED2DB1A4D0F790093C5D8 /* testWeibo2Tests */ = {
			isa = PBXNativeTarget;
			buildConfigurationList = 227ED2E91A4D0F790093C5D8 /* Build configuration list for PBXNativeTarget "testWeibo2Tests" */;
			buildPhases = (
				227ED2D81A4D0F790093C5D8 /* Sources */,
				227ED2D91A4D0F790093C5D8 /* Frameworks */,
				227ED2DA1A4D0F790093C5D8 /* Resources */,
			);
			buildRules = (
			);
			dependencies = (
				227ED2DE1A4D0F790093C5D8 /* PBXTargetDependency */,
			);
			name = testWeibo2Tests;
			productName = testWeibo2Tests;
			productReference = 227ED2DC1A4D0F790093C5D8 /* testWeibo2Tests.xctest */;
			productType = "com.apple.product-type.bundle.unit-test";
		};
/* End PBXNativeTarget section */

/* Begin PBXProject section */
		227ED2BB1A4D0F790093C5D8 /* Project object */ = {
			isa = PBXProject;
			attributes = {
				LastUpgradeCheck = 0610;
				ORGANIZATIONNAME = com.duowan.zpc;
				TargetAttributes = {
					227ED2C21A4D0F790093C5D8 = {
						CreatedOnToolsVersion = 6.1.1;
					};
					227ED2DB1A4D0F790093C5D8 = {
						CreatedOnToolsVersion = 6.1.1;
						TestTargetID = 227ED2C21A4D0F790093C5D8;
					};
				};
			};
			buildConfigurationList = 227ED2BE1A4D0F790093C5D8 /* Build configuration list for PBXProject "testWeibo2" */;
			compatibilityVersion = "Xcode 3.2";
			developmentRegion = English;
			hasScannedForEncodings = 0;
			knownRegions = (
				en,
				Base,
			);
			mainGroup = 227ED2BA1A4D0F790093C5D8;
			productRefGroup = 227ED2C41A4D0F790093C5D8 /* Products */;
			projectDirPath = "";
			projectRoot = "";
			targets = (
				227ED2C21A4D0F790093C5D8 /* testWeibo2 */,
				227ED2DB1A4D0F790093C5D8 /* testWeibo2Tests */,
			);
		};
/* End PBXProject section */

/* Begin PBXResourcesBuildPhase section */
		227ED2C11A4D0F790093C5D8 /* Resources */ = {
			isa = PBXResourcesBuildPhase;
			buildActionMask = 2147483647;
			files = (
				227ED2D71A4D0F790093C5D8 /* LaunchScreen.xib in Resources */,
				227ED2D41A4D0F790093C5D8 /* Images.xcassets in Resources */,
				227ED3091A4D11FE0093C5D8 /* HomeViewController.xib in Resources */,
			);
			runOnlyForDeploymentPostprocessing = 0;
		};
		227ED2DA1A4D0F790093C5D8 /* Resources */ = {
			isa = PBXResourcesBuildPhase;
			buildActionMask = 2147483647;
			files = (
			);
			runOnlyForDeploymentPostprocessing = 0;
		};
/* End PBXResourcesBuildPhase section */

/* Begin PBXSourcesBuildPhase section */
		227ED2BF1A4D0F790093C5D8 /* Sources */ = {
			isa = PBXSourcesBuildPhase;
			buildActionMask = 2147483647;
			files = (
				227ED2CC1A4D0F790093C5D8 /* AppDelegate.m in Sources */,
				227ED2C91A4D0F790093C5D8 /* main.m in Sources */,
				227ED3081A4D11FE0093C5D8 /* HomeViewController.m in Sources */,
			);
			runOnlyForDeploymentPostprocessing = 0;
		};
		227ED2D81A4D0F790093C5D8 /* Sources */ = {
			isa = PBXSourcesBuildPhase;
			buildActionMask = 2147483647;
			files = (
				227ED2E31A4D0F790093C5D8 /* testWeibo2Tests.m in Sources */,
			);
			runOnlyForDeploymentPostprocessing = 0;
		};
/* End PBXSourcesBuildPhase section */

/* Begin PBXTargetDependency section */
		227ED2DE1A4D0F790093C5D8 /* PBXTargetDependency */ = {
			isa = PBXTargetDependency;
			target = 227ED2C21A4D0F790093C5D8 /* testWeibo2 */;
			targetProxy = 227ED2DD1A4D0F790093C5D8 /* PBXContainerItemProxy */;
		};
/* End PBXTargetDependency section */

/* Begin PBXVariantGroup section */
		227ED2D51A4D0F790093C5D8 /* LaunchScreen.xib */ = {
			isa = PBXVariantGroup;
			children = (
				227ED2D61A4D0F790093C5D8 /* Base */,
			);
			name = LaunchScreen.xib;
			sourceTree = "<group>";
		};
/* End PBXVariantGroup section */

/* Begin XCBuildConfiguration section */
		227ED2E41A4D0F790093C5D8 /* Debug */ = {
			isa = XCBuildConfiguration;
			buildSettings = {
				ALWAYS_SEARCH_USER_PATHS = NO;
				CLANG_CXX_LANGUAGE_STANDARD = "gnu++0x";
				CLANG_CXX_LIBRARY = "libc++";
				CLANG_ENABLE_MODULES = YES;
				CLANG_ENABLE_OBJC_ARC = YES;
				CLANG_WARN_BOOL_CONVERSION = YES;
				CLANG_WARN_CONSTANT_CONVERSION = YES;
				CLANG_WARN_DIRECT_OBJC_ISA_USAGE = YES_ERROR;
				CLANG_WARN_EMPTY_BODY = YES;
				CLANG_WARN_ENUM_CONVERSION = YES;
				CLANG_WARN_INT_CONVERSION = YES;
				CLANG_WARN_OBJC_ROOT_CLASS = YES_ERROR;
				CLANG_WARN_UNREACHABLE_CODE = YES;
				CLANG_WARN__DUPLICATE_METHOD_MATCH = YES;
				"CODE_SIGN_IDENTITY[sdk=iphoneos*]" = "iPhone Developer";
				COPY_PHASE_STRIP = NO;
				ENABLE_STRICT_OBJC_MSGSEND = YES;
				GCC_C_LANGUAGE_STANDARD = gnu99;
				GCC_DYNAMIC_NO_PIC = NO;
				GCC_OPTIMIZATION_LEVEL = 0;
				GCC_PREPROCESSOR_DEFINITIONS = (
					"DEBUG=1",
					"$(inherited)",
				);
				GCC_SYMBOLS_PRIVATE_EXTERN = NO;
				GCC_WARN_64_TO_32_BIT_CONVERSION = YES;
				GCC_WARN_ABOUT_RETURN_TYPE = YES_ERROR;
				GCC_WARN_UNDECLARED_SELECTOR = YES;
				GCC_WARN_UNINITIALIZED_AUTOS = YES_AGGRESSIVE;
				GCC_WARN_UNUSED_FUNCTION = YES;
				GCC_WARN_UNUSED_VARIABLE = YES;
				IPHONEOS_DEPLOYMENT_TARGET = 8.1;
				MTL_ENABLE_DEBUG_INFO = YES;
				ONLY_ACTIVE_ARCH = YES;
				SDKROOT = iphoneos;
			};
			name = Debug;
		};
		227ED2E51A4D0F790093C5D8 /* Release */ = {
			isa = XCBuildConfiguration;
			buildSettings = {
				ALWAYS_SEARCH_USER_PATHS = NO;
				CLANG_CXX_LANGUAGE_STANDARD = "gnu++0x";
				CLANG_CXX_LIBRARY = "libc++";
				CLANG_ENABLE_MODULES = YES;
				CLANG_ENABLE_OBJC_ARC = YES;
				CLANG_WARN_BOOL_CONVERSION = YES;
				CLANG_WARN_CONSTANT_CONVERSION = YES;
				CLANG_WARN_DIRECT_OBJC_ISA_USAGE = YES_ERROR;
				CLANG_WARN_EMPTY_BODY = YES;
				CLANG_WARN_ENUM_CONVERSION = YES;
				CLANG_WARN_INT_CONVERSION = YES;
				CLANG_WARN_OBJC_ROOT_CLASS = YES_ERROR;
				CLANG_WARN_UNREACHABLE_CODE = YES;
				CLANG_WARN__DUPLICATE_METHOD_MATCH = YES;
				"CODE_SIGN_IDENTITY[sdk=iphoneos*]" = "iPhone Developer";
				COPY_PHASE_STRIP = YES;
				ENABLE_NS_ASSERTIONS = NO;
				ENABLE_STRICT_OBJC_MSGSEND = YES;
				GCC_C_LANGUAGE_STANDARD = gnu99;
				GCC_WARN_64_TO_32_BIT_CONVERSION = YES;
				GCC_WARN_ABOUT_RETURN_TYPE = YES_ERROR;
				GCC_WARN_UNDECLARED_SELECTOR = YES;
				GCC_WARN_UNINITIALIZED_AUTOS = YES_AGGRESSIVE;
				GCC_WARN_UNUSED_FUNCTION = YES;
				GCC_WARN_UNUSED_VARIABLE = YES;
				IPHONEOS_DEPLOYMENT_TARGET = 8.1;
				MTL_ENABLE_DEBUG_INFO = NO;
				SDKROOT = iphoneos;
				VALIDATE_PRODUCT = YES;
			};
			name = Release;
		};
		227ED2E71A4D0F790093C5D8 /* Debug */ = {
			isa = XCBuildConfiguration;
			buildSettings = {
				ASSETCATALOG_COMPILER_APPICON_NAME = AppIcon;
				INFOPLIST_FILE = testWeibo2/Info.plist;
				LD_RUNPATH_SEARCH_PATHS = "$(inherited) @executable_path/Frameworks";
				PRODUCT_NAME = "$(TARGET_NAME)";
			};
			name = Debug;
		};
		227ED2E81A4D0F790093C5D8 /* Release */ = {
			isa = XCBuildConfiguration;
			buildSettings = {
				ASSETCATALOG_COMPILER_APPICON_NAME = AppIcon;
				INFOPLIST_FILE = testWeibo2/Info.plist;
				LD_RUNPATH_SEARCH_PATHS = "$(inherited) @executable_path/Frameworks";
				PRODUCT_NAME = "$(TARGET_NAME)";
			};
			name = Release;
		};
		227ED2EA1A4D0F790093C5D8 /* Debug */ = {
			isa = XCBuildConfiguration;
			buildSettings = {
				BUNDLE_LOADER = "$(TEST_HOST)";
				FRAMEWORK_SEARCH_PATHS = (
					"$(SDKROOT)/Developer/Library/Frameworks",
					"$(inherited)",
				);
				GCC_PREPROCESSOR_DEFINITIONS = (
					"DEBUG=1",
					"$(inherited)",
				);
				INFOPLIST_FILE = testWeibo2Tests/Info.plist;
				LD_RUNPATH_SEARCH_PATHS = "$(inherited) @executable_path/Frameworks @loader_path/Frameworks";
				PRODUCT_NAME = "$(TARGET_NAME)";
				TEST_HOST = "$(BUILT_PRODUCTS_DIR)/testWeibo2.app/testWeibo2";
			};
			name = Debug;
		};
		227ED2EB1A4D0F790093C5D8 /* Release */ = {
			isa = XCBuildConfiguration;
			buildSettings = {
				BUNDLE_LOADER = "$(TEST_HOST)";
				FRAMEWORK_SEARCH_PATHS = (
					"$(SDKROOT)/Developer/Library/Frameworks",
					"$(inherited)",
				);
				INFOPLIST_FILE = testWeibo2Tests/Info.plist;
				LD_RUNPATH_SEARCH_PATHS = "$(inherited) @executable_path/Frameworks @loader_path/Frameworks";
				PRODUCT_NAME = "$(TARGET_NAME)";
				TEST_HOST = "$(BUILT_PRODUCTS_DIR)/testWeibo2.app/testWeibo2";
			};
			name = Release;
		};
/* End XCBuildConfiguration section */

/* Begin XCConfigurationList section */
		227ED2BE1A4D0F790093C5D8 /* Build configuration list for PBXProject "testWeibo2" */ = {
			isa = XCConfigurationList;
			buildConfigurations = (
				227ED2E41A4D0F790093C5D8 /* Debug */,
				227ED2E51A4D0F790093C5D8 /* Release */,
			);
			defaultConfigurationIsVisible = 0;
			defaultConfigurationName = Release;
		};
		227ED2E61A4D0F790093C5D8 /* Build configuration list for PBXNativeTarget "testWeibo2" */ = {
			isa = XCConfigurationList;
			buildConfigurations = (
				227ED2E71A4D0F790093C5D8 /* Debug */,
				227ED2E81A4D0F790093C5D8 /* Release */,
			);
			defaultConfigurationIsVisible = 0;
		};
		227ED2E91A4D0F790093C5D8 /* Build configuration list for PBXNativeTarget "testWeibo2Tests" */ = {
			isa = XCConfigurationList;
			buildConfigurations = (
				227ED2EA1A4D0F790093C5D8 /* Debug */,
				227ED2EB1A4D0F790093C5D8 /* Release */,
			);
			defaultConfigurationIsVisible = 0;
		};
/* End XCConfigurationList section */
	};
	rootObject = 227ED2BB1A4D0F790093C5D8 /* Project object */;
}
